
Microsoft Visual Studio Solution File, Format Version 12.00
# Visual Studio Version 17
VisualStudioVersion = 17.9.34616.47
MinimumVisualStudioVersion = 10.0.40219.1
Project("{9A19103F-16F7-4668-BE54-9A1E7A4F7556}") = "BulkyWeb", "BulkyWeb\BulkyWeb.csproj", "{27E06CC0-FC0E-4F2B-B30C-7A4524496EBA}"
EndProject
Project("{FAE04EC0-301F-11D3-BF4B-00C04F79EFBC}") = "Bulky.DataAccess", "Bulky.DataAccess\Bulky.DataAccess.csproj", "{CBF0E6FA-DB17-48DB-B7AD-D723A34E82B3}"
EndProject
Project("{FAE04EC0-301F-11D3-BF4B-00C04F79EFBC}") = "Bulky.Models", "Bulky.Models\Bulky.Models.csproj", "{4DF37EC1-ACBD-43E5-95B7-557293D424BF}"
EndProject
Project("{FAE04EC0-301F-11D3-BF4B-00C04F79EFBC}") = "Bulky.Utility", "Bulky.Utility\Bulky.Utility.csproj", "{0CC29D15-ED43-41BB-9B6E-6CDD03EF4D4F}"
EndProject
Global
	GlobalSection(SolutionConfigurationPlatforms) = preSolution
		Debug|Any CPU = Debug|Any CPU
		Release|Any CPU = Release|Any CPU
	EndGlobalSection
	GlobalSection(ProjectConfigurationPlatforms) = postSolution
		{27E06CC0-FC0E-4F2B-B30C-7A4524496EBA}.Debug|Any CPU.ActiveCfg = Debug|Any CPU
		{27E06CC0-FC0E-4F2B-B30C-7A4524496EBA}.Debug|Any CPU.Build.0 = Debug|Any CPU
		{27E06CC0-FC0E-4F2B-B30C-7A4524496EBA}.Release|Any CPU.ActiveCfg = Release|Any CPU
		{27E06CC0-FC0E-4F2B-B30C-7A4524496EBA}.Release|Any CPU.Build.0 = Release|Any CPU
		{CBF0E6FA-DB17-48DB-B7AD-D723A34E82B3}.Debug|Any CPU.ActiveCfg = Debug|Any CPU
		{CBF0E6FA-DB17-48DB-B7AD-D723A34E82B3}.Debug|Any CPU.Build.0 = Debug|Any CPU
		{CBF0E6FA-DB17-48DB-B7AD-D723A34E82B3}.Release|Any CPU.ActiveCfg = Release|Any CPU
		{CBF0E6FA-DB17-48DB-B7AD-D723A34E82B3}.Release|Any CPU.Build.0 = Release|Any CPU
		{4DF37EC1-ACBD-43E5-95B7-557293D424BF}.Debug|Any CPU.ActiveCfg = Debug|Any CPU
		{4DF37EC1-ACBD-43E5-95B7-557293D424BF}.Debug|Any CPU.Build.0 = Debug|Any CPU
		{4DF37EC1-ACBD-43E5-95B7-557293D424BF}.Release|Any CPU.ActiveCfg = Release|Any CPU
		{4DF37EC1-ACBD-43E5-95B7-557293D424BF}.Release|Any CPU.Build.0 = Release|Any CPU
		{0CC29D15-ED43-41BB-9B6E-6CDD03EF4D4F}.Debug|Any CPU.ActiveCfg = Debug|Any CPU
		{0CC29D15-ED43-41BB-9B6E-6CDD03EF4D4F}.Debug|Any CPU.Build.0 = Debug|Any CPU
		{0CC29D15-ED43-41BB-9B6E-6CDD03EF4D4F}.Release|Any CPU.ActiveCfg = Release|Any CPU
		{0CC29D15-ED43-41BB-9B6E-6CDD03EF4D4F}.Release|Any CPU.Build.0 = Release|Any CPU
	EndGlobalSection
	GlobalSection(SolutionProperties) = preSolution
		HideSolutionNode = FALSE
	EndGlobalSection
	GlobalSection(ExtensibilityGlobals) = postSolution
		SolutionGuid = {936561B2-089C-4A7C-9950-132198E7E7B8}
	EndGlobalSection
EndGlobal
